
Microsoft Visual Studio Solution File, Format Version 12.00
# Visual Studio Version 17
VisualStudioVersion = 17.2.32616.157
MinimumVisualStudioVersion = 10.0.40219.1
Project("{FAE04EC0-301F-11D3-BF4B-00C04F79EFBC}") = "Techcareer.Web", "Techcareer.Web\Techcareer.Web.csproj", "{D91165D8-D54A-4E84-AA16-7BD7B3C792A5}"
EndProject
Project("{FAE04EC0-301F-11D3-BF4B-00C04F79EFBC}") = "Techcareer.Api", "Techcareer.Api\Techcareer.Api.csproj", "{94940977-543D-4906-BD17-DA244D112979}"
EndProject
Global
	GlobalSection(SolutionConfigurationPlatforms) = preSolution
		Debug|Any CPU = Debug|Any CPU
		Release|Any CPU = Release|Any CPU
	EndGlobalSection
	GlobalSection(ProjectConfigurationPlatforms) = postSolution
		{D91165D8-D54A-4E84-AA16-7BD7B3C792A5}.Debug|Any CPU.ActiveCfg = Debug|Any CPU
		{D91165D8-D54A-4E84-AA16-7BD7B3C792A5}.Debug|Any CPU.Build.0 = Debug|Any CPU
		{D91165D8-D54A-4E84-AA16-7BD7B3C792A5}.Release|Any CPU.ActiveCfg = Release|Any CPU
		{D91165D8-D54A-4E84-AA16-7BD7B3C792A5}.Release|Any CPU.Build.0 = Release|Any CPU
		{94940977-543D-4906-BD17-DA244D112979}.Debug|Any CPU.ActiveCfg = Debug|Any CPU
		{94940977-543D-4906-BD17-DA244D112979}.Debug|Any CPU.Build.0 = Debug|Any CPU
		{94940977-543D-4906-BD17-DA244D112979}.Release|Any CPU.ActiveCfg = Release|Any CPU
		{94940977-543D-4906-BD17-DA244D112979}.Release|Any CPU.Build.0 = Release|Any CPU
	EndGlobalSection
	GlobalSection(SolutionProperties) = preSolution
		HideSolutionNode = FALSE
	EndGlobalSection
	GlobalSection(ExtensibilityGlobals) = postSolution
		SolutionGuid = {E49808D2-4353-4D8E-A372-88454F591323}
	EndGlobalSection
EndGlobal
